{
  "name": "library",
  "version": "1.0.0",
  "lockfileVersion": 1,
  "requires": true,
  "dependencies": {
    "@evgeniy-27/ajs-homeworks": {
      "version": "1.0.0",
      "resolved": "https://npm.pkg.github.com/download/@evgeniy-27/ajs-homeworks/1.0.0/4b654f04ccc0eadcd54f26a1fea30510975ac06bca986fb3487a915e06d654c3",
      "integrity": "sha512-SGEyf6EuCwyPuNTz4YaLS996F1EwtV08UghvJhwwzsQYNwHCVbQ9s4CwosCaizPvcC3EiPcbDqQ7JzMUCa0BmQ=="
    }
  }
}
